
Microsoft Visual Studio Solution File, Format Version 12.00
# Visual Studio 15
VisualStudioVersion = 15.0.27703.2047
MinimumVisualStudioVersion = 10.0.40219.1
Project("{FAE04EC0-301F-11D3-BF4B-00C04F79EFBC}") = "SalesFramework.Platform", "SalesFramework.Platform\SalesFramework.Platform.csproj", "{DE623F4C-5B40-460C-A195-5EECEF0C7960}"
EndProject
Global
	GlobalSection(SolutionConfigurationPlatforms) = preSolution
		Debug|Any CPU = Debug|Any CPU
		Release|Any CPU = Release|Any CPU
	EndGlobalSection
	GlobalSection(ProjectConfigurationPlatforms) = postSolution
		{DE623F4C-5B40-460C-A195-5EECEF0C7960}.Debug|Any CPU.ActiveCfg = Debug|Any CPU
		{DE623F4C-5B40-460C-A195-5EECEF0C7960}.Debug|Any CPU.Build.0 = Debug|Any CPU
		{DE623F4C-5B40-460C-A195-5EECEF0C7960}.Release|Any CPU.ActiveCfg = Release|Any CPU
		{DE623F4C-5B40-460C-A195-5EECEF0C7960}.Release|Any CPU.Build.0 = Release|Any CPU
	EndGlobalSection
	GlobalSection(SolutionProperties) = preSolution
		HideSolutionNode = FALSE
	EndGlobalSection
	GlobalSection(ExtensibilityGlobals) = postSolution
		SolutionGuid = {F323E1D8-ACC6-41FF-98C0-339F6B32CEFE}
	EndGlobalSection
EndGlobal
